
Microsoft Visual Studio Solution File, Format Version 12.00
# Visual Studio Version 16
VisualStudioVersion = 16.0.33328.57
MinimumVisualStudioVersion = 10.0.40219.1
Project("{FAE04EC0-301F-11D3-BF4B-00C04F79EFBC}") = "BasicClass", "BasicClass\BasicClass.csproj", "{2298C021-486D-42CA-817D-C74E1311D7D3}"
EndProject
Project("{FAE04EC0-301F-11D3-BF4B-00C04F79EFBC}") = "Constructor", "Constructor\Constructor.csproj", "{FB03C903-8782-4503-88C6-CFEBFF80C7EA}"
EndProject
Project("{FAE04EC0-301F-11D3-BF4B-00C04F79EFBC}") = "StaticField", "StaticField\StaticField.csproj", "{A67A0D92-943E-411A-8169-44A6D9458051}"
EndProject
Project("{FAE04EC0-301F-11D3-BF4B-00C04F79EFBC}") = "This", "This\This.csproj", "{10AC30DF-5CE9-48BB-AC46-A6C3C06E61BE}"
EndProject
Project("{FAE04EC0-301F-11D3-BF4B-00C04F79EFBC}") = "ThisConstructor", "ThisConstructor\ThisConstructor.csproj", "{BE77697F-1EF3-441D-9F4B-B40A0296E926}"
EndProject
Project("{FAE04EC0-301F-11D3-BF4B-00C04F79EFBC}") = "AccessModifier", "AccessModifier\AccessModifier.csproj", "{45A8D913-928D-4392-B562-49891093FA51}"
EndProject
Project("{FAE04EC0-301F-11D3-BF4B-00C04F79EFBC}") = "Inheritance", "Inheritance\Inheritance.csproj", "{69B384E4-336A-4BA2-80F1-7399398AD806}"
EndProject
Project("{FAE04EC0-301F-11D3-BF4B-00C04F79EFBC}") = "Overriding", "Overriding\Overriding.csproj", "{BFCC61DE-DFBF-46CF-BF7A-D1296F52BCF7}"
EndProject
Project("{FAE04EC0-301F-11D3-BF4B-00C04F79EFBC}") = "Structure", "Structure\Structure.csproj", "{78297E09-32B0-48FB-A0F8-9151041E1CEC}"
EndProject
Global
	GlobalSection(SolutionConfigurationPlatforms) = preSolution
		Debug|Any CPU = Debug|Any CPU
		Release|Any CPU = Release|Any CPU
	EndGlobalSection
	GlobalSection(ProjectConfigurationPlatforms) = postSolution
		{2298C021-486D-42CA-817D-C74E1311D7D3}.Debug|Any CPU.ActiveCfg = Debug|Any CPU
		{2298C021-486D-42CA-817D-C74E1311D7D3}.Debug|Any CPU.Build.0 = Debug|Any CPU
		{2298C021-486D-42CA-817D-C74E1311D7D3}.Release|Any CPU.ActiveCfg = Release|Any CPU
		{2298C021-486D-42CA-817D-C74E1311D7D3}.Release|Any CPU.Build.0 = Release|Any CPU
		{FB03C903-8782-4503-88C6-CFEBFF80C7EA}.Debug|Any CPU.ActiveCfg = Debug|Any CPU
		{FB03C903-8782-4503-88C6-CFEBFF80C7EA}.Debug|Any CPU.Build.0 = Debug|Any CPU
		{FB03C903-8782-4503-88C6-CFEBFF80C7EA}.Release|Any CPU.ActiveCfg = Release|Any CPU
		{FB03C903-8782-4503-88C6-CFEBFF80C7EA}.Release|Any CPU.Build.0 = Release|Any CPU
		{A67A0D92-943E-411A-8169-44A6D9458051}.Debug|Any CPU.ActiveCfg = Debug|Any CPU
		{A67A0D92-943E-411A-8169-44A6D9458051}.Debug|Any CPU.Build.0 = Debug|Any CPU
		{A67A0D92-943E-411A-8169-44A6D9458051}.Release|Any CPU.ActiveCfg = Release|Any CPU
		{A67A0D92-943E-411A-8169-44A6D9458051}.Release|Any CPU.Build.0 = Release|Any CPU
		{10AC30DF-5CE9-48BB-AC46-A6C3C06E61BE}.Debug|Any CPU.ActiveCfg = Debug|Any CPU
		{10AC30DF-5CE9-48BB-AC46-A6C3C06E61BE}.Debug|Any CPU.Build.0 = Debug|Any CPU
		{10AC30DF-5CE9-48BB-AC46-A6C3C06E61BE}.Release|Any CPU.ActiveCfg = Release|Any CPU
		{10AC30DF-5CE9-48BB-AC46-A6C3C06E61BE}.Release|Any CPU.Build.0 = Release|Any CPU
		{BE77697F-1EF3-441D-9F4B-B40A0296E926}.Debug|Any CPU.ActiveCfg = Debug|Any CPU
		{BE77697F-1EF3-441D-9F4B-B40A0296E926}.Debug|Any CPU.Build.0 = Debug|Any CPU
		{BE77697F-1EF3-441D-9F4B-B40A0296E926}.Release|Any CPU.ActiveCfg = Release|Any CPU
		{BE77697F-1EF3-441D-9F4B-B40A0296E926}.Release|Any CPU.Build.0 = Release|Any CPU
		{45A8D913-928D-4392-B562-49891093FA51}.Debug|Any CPU.ActiveCfg = Debug|Any CPU
		{45A8D913-928D-4392-B562-49891093FA51}.Debug|Any CPU.Build.0 = Debug|Any CPU
		{45A8D913-928D-4392-B562-49891093FA51}.Release|Any CPU.ActiveCfg = Release|Any CPU
		{45A8D913-928D-4392-B562-49891093FA51}.Release|Any CPU.Build.0 = Release|Any CPU
		{69B384E4-336A-4BA2-80F1-7399398AD806}.Debug|Any CPU.ActiveCfg = Debug|Any CPU
		{69B384E4-336A-4BA2-80F1-7399398AD806}.Debug|Any CPU.Build.0 = Debug|Any CPU
		{69B384E4-336A-4BA2-80F1-7399398AD806}.Release|Any CPU.ActiveCfg = Release|Any CPU
		{69B384E4-336A-4BA2-80F1-7399398AD806}.Release|Any CPU.Build.0 = Release|Any CPU
		{BFCC61DE-DFBF-46CF-BF7A-D1296F52BCF7}.Debug|Any CPU.ActiveCfg = Debug|Any CPU
		{BFCC61DE-DFBF-46CF-BF7A-D1296F52BCF7}.Debug|Any CPU.Build.0 = Debug|Any CPU
		{BFCC61DE-DFBF-46CF-BF7A-D1296F52BCF7}.Release|Any CPU.ActiveCfg = Release|Any CPU
		{BFCC61DE-DFBF-46CF-BF7A-D1296F52BCF7}.Release|Any CPU.Build.0 = Release|Any CPU
		{78297E09-32B0-48FB-A0F8-9151041E1CEC}.Debug|Any CPU.ActiveCfg = Debug|Any CPU
		{78297E09-32B0-48FB-A0F8-9151041E1CEC}.Debug|Any CPU.Build.0 = Debug|Any CPU
		{78297E09-32B0-48FB-A0F8-9151041E1CEC}.Release|Any CPU.ActiveCfg = Release|Any CPU
		{78297E09-32B0-48FB-A0F8-9151041E1CEC}.Release|Any CPU.Build.0 = Release|Any CPU
	EndGlobalSection
	GlobalSection(SolutionProperties) = preSolution
		HideSolutionNode = FALSE
	EndGlobalSection
	GlobalSection(ExtensibilityGlobals) = postSolution
		SolutionGuid = {C0626644-15BB-4C18-AFB3-30B607C84006}
	EndGlobalSection
EndGlobal
