
Microsoft Visual Studio Solution File, Format Version 12.00
# Visual Studio Version 16
VisualStudioVersion = 16.0.33328.57
MinimumVisualStudioVersion = 10.0.40219.1
Project("{FAE04EC0-301F-11D3-BF4B-00C04F79EFBC}") = "BasicClass", "BasicClass\BasicClass.csproj", "{2298C021-486D-42CA-817D-C74E1311D7D3}"
EndProject
Global
	GlobalSection(SolutionConfigurationPlatforms) = preSolution
		Debug|Any CPU = Debug|Any CPU
		Release|Any CPU = Release|Any CPU
	EndGlobalSection
	GlobalSection(ProjectConfigurationPlatforms) = postSolution
		{2298C021-486D-42CA-817D-C74E1311D7D3}.Debug|Any CPU.ActiveCfg = Debug|Any CPU
		{2298C021-486D-42CA-817D-C74E1311D7D3}.Debug|Any CPU.Build.0 = Debug|Any CPU
		{2298C021-486D-42CA-817D-C74E1311D7D3}.Release|Any CPU.ActiveCfg = Release|Any CPU
		{2298C021-486D-42CA-817D-C74E1311D7D3}.Release|Any CPU.Build.0 = Release|Any CPU
	EndGlobalSection
	GlobalSection(SolutionProperties) = preSolution
		HideSolutionNode = FALSE
	EndGlobalSection
	GlobalSection(ExtensibilityGlobals) = postSolution
		SolutionGuid = {C0626644-15BB-4C18-AFB3-30B607C84006}
	EndGlobalSection
EndGlobal
